
Microsoft Visual Studio Solution File, Format Version 12.00
# Visual Studio 14
VisualStudioVersion = 14.0.25420.1
MinimumVisualStudioVersion = 10.0.40219.1
Project("{8BC9CEB8-8B4A-11D0-8D11-00A0C91BC942}") = "ags_sprite3D", "ags_sprite3D\ags_sprite3D.vcxproj", "{D5729534-E9DD-432C-8067-FAB5F8B9347F}"
EndProject
Global
	GlobalSection(SolutionConfigurationPlatforms) = preSolution
		Debug|x86 = Debug|x86
		Release|x86 = Release|x86
	EndGlobalSection
	GlobalSection(ProjectConfigurationPlatforms) = postSolution
		{D5729534-E9DD-432C-8067-FAB5F8B9347F}.Debug|x86.ActiveCfg = Debug|Win32
		{D5729534-E9DD-432C-8067-FAB5F8B9347F}.Debug|x86.Build.0 = Debug|Win32
		{D5729534-E9DD-432C-8067-FAB5F8B9347F}.Release|x86.ActiveCfg = Release|Win32
		{D5729534-E9DD-432C-8067-FAB5F8B9347F}.Release|x86.Build.0 = Release|Win32
	EndGlobalSection
	GlobalSection(SolutionProperties) = preSolution
		HideSolutionNode = FALSE
	EndGlobalSection
EndGlobal
