<?xml version="1.0" encoding="utf-8"?>
<Project ToolsVersion="4.0" xmlns="http://schemas.microsoft.com/developer/msbuild/2003">
  <ItemGroup>
    <Filter Include="d3d9">
      <UniqueIdentifier>{b5a15f82-965d-40e1-acdd-d9bbaa5611cb}</UniqueIdentifier>
    </Filter>
    <Filter Include="ogl">
      <UniqueIdentifier>{f5a58124-b36c-4b55-9b48-f625d272177d}</UniqueIdentifier>
    </Filter>
    <Filter Include="glad">
      <UniqueIdentifier>{9e62af41-107e-405c-b516-7a9f4efa9010}</UniqueIdentifier>
    </Filter>
    <Filter Include="theoraplayer">
      <UniqueIdentifier>{cdea6b63-1616-41a6-a36c-3d42fc333fe2}</UniqueIdentifier>
    </Filter>
    <Filter Include="theoraplayer\YUV">
      <UniqueIdentifier>{b17a6d98-3627-4844-9a2a-9e5ef7076e37}</UniqueIdentifier>
    </Filter>
    <Filter Include="theoraplayer\Theora">
      <UniqueIdentifier>{ae5f94ed-71fb-44b7-86f1-05c7e5e34c88}</UniqueIdentifier>
    </Filter>
    <Filter Include="theoraplayer\YUV\C">
      <UniqueIdentifier>{b68e7de1-8e23-4867-b693-5a69f457be32}</UniqueIdentifier>
    </Filter>
    <Filter Include="theoraplayer\YUV\libyuv">
      <UniqueIdentifier>{45fe68fa-4527-403b-b424-7739e0654f82}</UniqueIdentifier>
    </Filter>
    <Filter Include="theoraplayer\YUV\libyuv\src">
      <UniqueIdentifier>{3148510c-3e12-48ce-9d36-e66b9b8fcb07}</UniqueIdentifier>
    </Filter>
    <Filter Include="libs">
      <UniqueIdentifier>{38551fa8-51d4-4001-a32f-0d3d6f577f93}</UniqueIdentifier>
    </Filter>
    <Filter Include="libs\libpng">
      <UniqueIdentifier>{b7f5c814-8eb4-49c4-bd29-ad3bcadb8fa0}</UniqueIdentifier>
    </Filter>
  </ItemGroup>
  <ItemGroup>
    <ClCompile Include="..\ags_spritevideo\d3d9\D3D9Factory.cpp">
      <Filter>d3d9</Filter>
    </ClCompile>
    <ClCompile Include="..\ags_spritevideo\d3d9\D3D9RenderObject.cpp">
      <Filter>d3d9</Filter>
    </ClCompile>
    <ClCompile Include="..\ags_spritevideo\d3d9\D3DHelper.cpp">
      <Filter>d3d9</Filter>
    </ClCompile>
    <ClCompile Include="..\ags_spritevideo\glad\src\glad.c">
      <Filter>glad</Filter>
    </ClCompile>
    <ClCompile Include="..\ags_spritevideo\ags_spritevideo.cpp" />
    <ClCompile Include="..\ags_spritevideo\BaseObject.cpp" />
    <ClCompile Include="..\ags_spritevideo\Common.cpp" />
    <ClCompile Include="..\ags_spritevideo\SpriteObject.cpp" />
    <ClCompile Include="..\ags_spritevideo\ogl\OGLFactory.cpp">
      <Filter>ogl</Filter>
    </ClCompile>
    <ClCompile Include="..\ags_spritevideo\ogl\OGLHelper.cpp">
      <Filter>ogl</Filter>
    </ClCompile>
    <ClCompile Include="..\ags_spritevideo\ogl\OGLRenderObject.cpp">
      <Filter>ogl</Filter>
    </ClCompile>
    <ClCompile Include="..\ags_spritevideo\MathHelper.cpp" />
    <ClCompile Include="..\ags_spritevideo\EditorPlugin.cpp" />
    <ClCompile Include="..\ags_spritevideo\ScriptAPI.cpp" />
    <ClCompile Include="..\ags_spritevideo\VideoObject.cpp" />
    <ClCompile Include="..\ags_spritevideo\ImageHelper.cpp" />
    <ClCompile Include="..\theoraplayer\src\TheoraAsync.cpp">
      <Filter>theoraplayer</Filter>
    </ClCompile>
    <ClCompile Include="..\theoraplayer\src\TheoraAudioInterface.cpp">
      <Filter>theoraplayer</Filter>
    </ClCompile>
    <ClCompile Include="..\theoraplayer\src\TheoraAudioPacketQueue.cpp">
      <Filter>theoraplayer</Filter>
    </ClCompile>
    <ClCompile Include="..\theoraplayer\src\TheoraDataSource.cpp">
      <Filter>theoraplayer</Filter>
    </ClCompile>
    <ClCompile Include="..\theoraplayer\src\TheoraException.cpp">
      <Filter>theoraplayer</Filter>
    </ClCompile>
    <ClCompile Include="..\theoraplayer\src\TheoraFrameQueue.cpp">
      <Filter>theoraplayer</Filter>
    </ClCompile>
    <ClCompile Include="..\theoraplayer\src\TheoraTimer.cpp">
      <Filter>theoraplayer</Filter>
    </ClCompile>
    <ClCompile Include="..\theoraplayer\src\TheoraUtil.cpp">
      <Filter>theoraplayer</Filter>
    </ClCompile>
    <ClCompile Include="..\theoraplayer\src\TheoraVideoClip.cpp">
      <Filter>theoraplayer</Filter>
    </ClCompile>
    <ClCompile Include="..\theoraplayer\src\TheoraVideoFrame.cpp">
      <Filter>theoraplayer</Filter>
    </ClCompile>
    <ClCompile Include="..\theoraplayer\src\TheoraVideoManager.cpp">
      <Filter>theoraplayer</Filter>
    </ClCompile>
    <ClCompile Include="..\theoraplayer\src\TheoraWorkerThread.cpp">
      <Filter>theoraplayer</Filter>
    </ClCompile>
    <ClCompile Include="..\theoraplayer\src\YUV\yuv_util.c">
      <Filter>theoraplayer\YUV</Filter>
    </ClCompile>
    <ClCompile Include="..\theoraplayer\src\YUV\C\yuv420_grey_c.c">
      <Filter>theoraplayer\YUV\C</Filter>
    </ClCompile>
    <ClCompile Include="..\theoraplayer\src\YUV\C\yuv420_rgb_c.c">
      <Filter>theoraplayer\YUV\C</Filter>
    </ClCompile>
    <ClCompile Include="..\theoraplayer\src\YUV\C\yuv420_yuv_c.c">
      <Filter>theoraplayer\YUV\C</Filter>
    </ClCompile>
    <ClCompile Include="..\theoraplayer\src\YUV\libyuv\yuv_libyuv.c">
      <Filter>theoraplayer\YUV\libyuv</Filter>
    </ClCompile>
    <ClCompile Include="..\theoraplayer\src\YUV\libyuv\src\compare.cc">
      <Filter>theoraplayer\YUV\libyuv\src</Filter>
    </ClCompile>
    <ClCompile Include="..\theoraplayer\src\YUV\libyuv\src\compare_common.cc">
      <Filter>theoraplayer\YUV\libyuv\src</Filter>
    </ClCompile>
    <ClCompile Include="..\theoraplayer\src\YUV\libyuv\src\compare_gcc.cc">
      <Filter>theoraplayer\YUV\libyuv\src</Filter>
    </ClCompile>
    <ClCompile Include="..\theoraplayer\src\YUV\libyuv\src\compare_neon.cc">
      <Filter>theoraplayer\YUV\libyuv\src</Filter>
    </ClCompile>
    <ClCompile Include="..\theoraplayer\src\YUV\libyuv\src\compare_neon64.cc">
      <Filter>theoraplayer\YUV\libyuv\src</Filter>
    </ClCompile>
    <ClCompile Include="..\theoraplayer\src\YUV\libyuv\src\compare_posix.cc">
      <Filter>theoraplayer\YUV\libyuv\src</Filter>
    </ClCompile>
    <ClCompile Include="..\theoraplayer\src\YUV\libyuv\src\compare_win.cc">
      <Filter>theoraplayer\YUV\libyuv\src</Filter>
    </ClCompile>
    <ClCompile Include="..\theoraplayer\src\YUV\libyuv\src\convert.cc">
      <Filter>theoraplayer\YUV\libyuv\src</Filter>
    </ClCompile>
    <ClCompile Include="..\theoraplayer\src\YUV\libyuv\src\convert_argb.cc">
      <Filter>theoraplayer\YUV\libyuv\src</Filter>
    </ClCompile>
    <ClCompile Include="..\theoraplayer\src\YUV\libyuv\src\convert_from.cc">
      <Filter>theoraplayer\YUV\libyuv\src</Filter>
    </ClCompile>
    <ClCompile Include="..\theoraplayer\src\YUV\libyuv\src\convert_from_argb.cc">
      <Filter>theoraplayer\YUV\libyuv\src</Filter>
    </ClCompile>
    <ClCompile Include="..\theoraplayer\src\YUV\libyuv\src\convert_jpeg.cc">
      <Filter>theoraplayer\YUV\libyuv\src</Filter>
    </ClCompile>
    <ClCompile Include="..\theoraplayer\src\YUV\libyuv\src\convert_to_argb.cc">
      <Filter>theoraplayer\YUV\libyuv\src</Filter>
    </ClCompile>
    <ClCompile Include="..\theoraplayer\src\YUV\libyuv\src\convert_to_i420.cc">
      <Filter>theoraplayer\YUV\libyuv\src</Filter>
    </ClCompile>
    <ClCompile Include="..\theoraplayer\src\YUV\libyuv\src\cpu_id.cc">
      <Filter>theoraplayer\YUV\libyuv\src</Filter>
    </ClCompile>
    <ClCompile Include="..\theoraplayer\src\YUV\libyuv\src\mjpeg_decoder.cc">
      <Filter>theoraplayer\YUV\libyuv\src</Filter>
    </ClCompile>
    <ClCompile Include="..\theoraplayer\src\YUV\libyuv\src\mjpeg_validate.cc">
      <Filter>theoraplayer\YUV\libyuv\src</Filter>
    </ClCompile>
    <ClCompile Include="..\theoraplayer\src\YUV\libyuv\src\planar_functions.cc">
      <Filter>theoraplayer\YUV\libyuv\src</Filter>
    </ClCompile>
    <ClCompile Include="..\theoraplayer\src\YUV\libyuv\src\rotate.cc">
      <Filter>theoraplayer\YUV\libyuv\src</Filter>
    </ClCompile>
    <ClCompile Include="..\theoraplayer\src\YUV\libyuv\src\rotate_argb.cc">
      <Filter>theoraplayer\YUV\libyuv\src</Filter>
    </ClCompile>
    <ClCompile Include="..\theoraplayer\src\YUV\libyuv\src\rotate_mips.cc">
      <Filter>theoraplayer\YUV\libyuv\src</Filter>
    </ClCompile>
    <ClCompile Include="..\theoraplayer\src\YUV\libyuv\src\rotate_neon.cc">
      <Filter>theoraplayer\YUV\libyuv\src</Filter>
    </ClCompile>
    <ClCompile Include="..\theoraplayer\src\YUV\libyuv\src\rotate_neon64.cc">
      <Filter>theoraplayer\YUV\libyuv\src</Filter>
    </ClCompile>
    <ClCompile Include="..\theoraplayer\src\YUV\libyuv\src\row_any.cc">
      <Filter>theoraplayer\YUV\libyuv\src</Filter>
    </ClCompile>
    <ClCompile Include="..\theoraplayer\src\YUV\libyuv\src\row_common.cc">
      <Filter>theoraplayer\YUV\libyuv\src</Filter>
    </ClCompile>
    <ClCompile Include="..\theoraplayer\src\YUV\libyuv\src\row_gcc.cc">
      <Filter>theoraplayer\YUV\libyuv\src</Filter>
    </ClCompile>
    <ClCompile Include="..\theoraplayer\src\YUV\libyuv\src\row_mips.cc">
      <Filter>theoraplayer\YUV\libyuv\src</Filter>
    </ClCompile>
    <ClCompile Include="..\theoraplayer\src\YUV\libyuv\src\row_neon.cc">
      <Filter>theoraplayer\YUV\libyuv\src</Filter>
    </ClCompile>
    <ClCompile Include="..\theoraplayer\src\YUV\libyuv\src\row_neon64.cc">
      <Filter>theoraplayer\YUV\libyuv\src</Filter>
    </ClCompile>
    <ClCompile Include="..\theoraplayer\src\YUV\libyuv\src\row_posix.cc">
      <Filter>theoraplayer\YUV\libyuv\src</Filter>
    </ClCompile>
    <ClCompile Include="..\theoraplayer\src\YUV\libyuv\src\row_win.cc">
      <Filter>theoraplayer\YUV\libyuv\src</Filter>
    </ClCompile>
    <ClCompile Include="..\theoraplayer\src\YUV\libyuv\src\scale.cc">
      <Filter>theoraplayer\YUV\libyuv\src</Filter>
    </ClCompile>
    <ClCompile Include="..\theoraplayer\src\YUV\libyuv\src\scale_any.cc">
      <Filter>theoraplayer\YUV\libyuv\src</Filter>
    </ClCompile>
    <ClCompile Include="..\theoraplayer\src\YUV\libyuv\src\scale_argb.cc">
      <Filter>theoraplayer\YUV\libyuv\src</Filter>
    </ClCompile>
    <ClCompile Include="..\theoraplayer\src\YUV\libyuv\src\scale_argb_neon.cc">
      <Filter>theoraplayer\YUV\libyuv\src</Filter>
    </ClCompile>
    <ClCompile Include="..\theoraplayer\src\YUV\libyuv\src\scale_common.cc">
      <Filter>theoraplayer\YUV\libyuv\src</Filter>
    </ClCompile>
    <ClCompile Include="..\theoraplayer\src\YUV\libyuv\src\scale_gcc.cc">
      <Filter>theoraplayer\YUV\libyuv\src</Filter>
    </ClCompile>
    <ClCompile Include="..\theoraplayer\src\YUV\libyuv\src\scale_mips.cc">
      <Filter>theoraplayer\YUV\libyuv\src</Filter>
    </ClCompile>
    <ClCompile Include="..\theoraplayer\src\YUV\libyuv\src\scale_neon.cc">
      <Filter>theoraplayer\YUV\libyuv\src</Filter>
    </ClCompile>
    <ClCompile Include="..\theoraplayer\src\YUV\libyuv\src\scale_neon64.cc">
      <Filter>theoraplayer\YUV\libyuv\src</Filter>
    </ClCompile>
    <ClCompile Include="..\theoraplayer\src\YUV\libyuv\src\scale_posix.cc">
      <Filter>theoraplayer\YUV\libyuv\src</Filter>
    </ClCompile>
    <ClCompile Include="..\theoraplayer\src\YUV\libyuv\src\scale_win.cc">
      <Filter>theoraplayer\YUV\libyuv\src</Filter>
    </ClCompile>
    <ClCompile Include="..\theoraplayer\src\YUV\libyuv\src\video_common.cc">
      <Filter>theoraplayer\YUV\libyuv\src</Filter>
    </ClCompile>
    <ClCompile Include="..\theoraplayer\src\Theora\TheoraVideoClip_Theora.cpp">
      <Filter>theoraplayer\Theora</Filter>
    </ClCompile>
    <ClCompile Include="..\libs\libpng\png.c">
      <Filter>libs\libpng</Filter>
    </ClCompile>
    <ClCompile Include="..\libs\libpng\pngerror.c">
      <Filter>libs\libpng</Filter>
    </ClCompile>
    <ClCompile Include="..\libs\libpng\pngget.c">
      <Filter>libs\libpng</Filter>
    </ClCompile>
    <ClCompile Include="..\libs\libpng\pngmem.c">
      <Filter>libs\libpng</Filter>
    </ClCompile>
    <ClCompile Include="..\libs\libpng\pngpread.c">
      <Filter>libs\libpng</Filter>
    </ClCompile>
    <ClCompile Include="..\libs\libpng\pngread.c">
      <Filter>libs\libpng</Filter>
    </ClCompile>
    <ClCompile Include="..\libs\libpng\pngrio.c">
      <Filter>libs\libpng</Filter>
    </ClCompile>
    <ClCompile Include="..\libs\libpng\pngrtran.c">
      <Filter>libs\libpng</Filter>
    </ClCompile>
    <ClCompile Include="..\libs\libpng\pngrutil.c">
      <Filter>libs\libpng</Filter>
    </ClCompile>
    <ClCompile Include="..\libs\libpng\pngset.c">
      <Filter>libs\libpng</Filter>
    </ClCompile>
    <ClCompile Include="..\libs\libpng\pngtrans.c">
      <Filter>libs\libpng</Filter>
    </ClCompile>
    <ClCompile Include="..\libs\libpng\pngwio.c">
      <Filter>libs\libpng</Filter>
    </ClCompile>
    <ClCompile Include="..\libs\libpng\pngwrite.c">
      <Filter>libs\libpng</Filter>
    </ClCompile>
    <ClCompile Include="..\libs\libpng\pngwtran.c">
      <Filter>libs\libpng</Filter>
    </ClCompile>
    <ClCompile Include="..\libs\libpng\pngwutil.c">
      <Filter>libs\libpng</Filter>
    </ClCompile>
  </ItemGroup>
  <ItemGroup>
    <ClInclude Include="..\ags_spritevideo\d3d9\D3D9Factory.h">
      <Filter>d3d9</Filter>
    </ClInclude>
    <ClInclude Include="..\ags_spritevideo\d3d9\D3D9RenderObject.h">
      <Filter>d3d9</Filter>
    </ClInclude>
    <ClInclude Include="..\ags_spritevideo\d3d9\D3DHelper.h">
      <Filter>d3d9</Filter>
    </ClInclude>
    <ClInclude Include="..\ags_spritevideo\glad\include\glad\glad.h">
      <Filter>glad</Filter>
    </ClInclude>
    <ClInclude Include="..\ags_spritevideo\agsplugin.h" />
    <ClInclude Include="..\ags_spritevideo\BaseObject.h" />
    <ClInclude Include="..\ags_spritevideo\Common.h" />
    <ClInclude Include="..\ags_spritevideo\RenderFactory.h" />
    <ClInclude Include="..\ags_spritevideo\RenderObject.h" />
    <ClInclude Include="..\ags_spritevideo\SpriteObject.h" />
    <ClInclude Include="..\ags_spritevideo\ogl\OGLFactory.h">
      <Filter>ogl</Filter>
    </ClInclude>
    <ClInclude Include="..\ags_spritevideo\ogl\OGLHelper.h">
      <Filter>ogl</Filter>
    </ClInclude>
    <ClInclude Include="..\ags_spritevideo\ogl\OGLRenderObject.h">
      <Filter>ogl</Filter>
    </ClInclude>
    <ClInclude Include="..\ags_spritevideo\MathHelper.h" />
    <ClInclude Include="..\ags_spritevideo\VideoObject.h" />
    <ClInclude Include="..\ags_spritevideo\resource.h" />
    <ClInclude Include="..\ags_spritevideo\StringHelper.h" />
    <ClInclude Include="..\ags_spritevideo\ImageHelper.h" />
  </ItemGroup>
  <ItemGroup>
    <None Include="..\theoraplayer\src\YUV\libyuv\src\row_x86.asm">
      <Filter>theoraplayer\YUV\libyuv\src</Filter>
    </None>
    <None Include="..\theoraplayer\src\YUV\libyuv\src\x86inc.asm">
      <Filter>theoraplayer\YUV\libyuv\src</Filter>
    </None>
  </ItemGroup>
</Project>