<?xml version="1.0" encoding="utf-8"?>
<Project ToolsVersion="4.0" xmlns="http://schemas.microsoft.com/developer/msbuild/2003">
  <ItemGroup>
    <Filter Include="d3d9">
      <UniqueIdentifier>{b5a15f82-965d-40e1-acdd-d9bbaa5611cb}</UniqueIdentifier>
    </Filter>
    <Filter Include="ogl">
      <UniqueIdentifier>{f5a58124-b36c-4b55-9b48-f625d272177d}</UniqueIdentifier>
    </Filter>
    <Filter Include="glad">
      <UniqueIdentifier>{9e62af41-107e-405c-b516-7a9f4efa9010}</UniqueIdentifier>
    </Filter>
  </ItemGroup>
  <ItemGroup>
    <ClCompile Include="..\ags_spritevideo\d3d9\D3D9Factory.cpp">
      <Filter>d3d9</Filter>
    </ClCompile>
    <ClCompile Include="..\ags_spritevideo\d3d9\D3D9RenderObject.cpp">
      <Filter>d3d9</Filter>
    </ClCompile>
    <ClCompile Include="..\ags_spritevideo\d3d9\D3DHelper.cpp">
      <Filter>d3d9</Filter>
    </ClCompile>
    <ClCompile Include="..\ags_spritevideo\glad\src\glad.c">
      <Filter>glad</Filter>
    </ClCompile>
    <ClCompile Include="..\ags_spritevideo\ags_spritevideo.cpp" />
    <ClCompile Include="..\ags_spritevideo\BaseObject.cpp" />
    <ClCompile Include="..\ags_spritevideo\Common.cpp" />
    <ClCompile Include="..\ags_spritevideo\SpriteObject.cpp" />
    <ClCompile Include="..\ags_spritevideo\ogl\OGLFactory.cpp">
      <Filter>ogl</Filter>
    </ClCompile>
    <ClCompile Include="..\ags_spritevideo\ogl\OGLHelper.cpp">
      <Filter>ogl</Filter>
    </ClCompile>
    <ClCompile Include="..\ags_spritevideo\ogl\OGLRenderObject.cpp">
      <Filter>ogl</Filter>
    </ClCompile>
    <ClCompile Include="..\ags_spritevideo\MathHelper.cpp" />
    <ClCompile Include="..\ags_spritevideo\EditorPlugin.cpp" />
    <ClCompile Include="..\ags_spritevideo\ScriptAPI.cpp" />
    <ClCompile Include="..\ags_spritevideo\VideoObject.cpp" />
    <ClCompile Include="..\ags_spritevideo\ImageHelper.cpp" />
  </ItemGroup>
  <ItemGroup>
    <ClInclude Include="..\ags_spritevideo\d3d9\D3D9Factory.h">
      <Filter>d3d9</Filter>
    </ClInclude>
    <ClInclude Include="..\ags_spritevideo\d3d9\D3D9RenderObject.h">
      <Filter>d3d9</Filter>
    </ClInclude>
    <ClInclude Include="..\ags_spritevideo\d3d9\D3DHelper.h">
      <Filter>d3d9</Filter>
    </ClInclude>
    <ClInclude Include="..\ags_spritevideo\glad\include\glad\glad.h">
      <Filter>glad</Filter>
    </ClInclude>
    <ClInclude Include="..\ags_spritevideo\agsplugin.h" />
    <ClInclude Include="..\ags_spritevideo\BaseObject.h" />
    <ClInclude Include="..\ags_spritevideo\Common.h" />
    <ClInclude Include="..\ags_spritevideo\RenderFactory.h" />
    <ClInclude Include="..\ags_spritevideo\RenderObject.h" />
    <ClInclude Include="..\ags_spritevideo\SpriteObject.h" />
    <ClInclude Include="..\ags_spritevideo\ogl\OGLFactory.h">
      <Filter>ogl</Filter>
    </ClInclude>
    <ClInclude Include="..\ags_spritevideo\ogl\OGLHelper.h">
      <Filter>ogl</Filter>
    </ClInclude>
    <ClInclude Include="..\ags_spritevideo\ogl\OGLRenderObject.h">
      <Filter>ogl</Filter>
    </ClInclude>
    <ClInclude Include="..\ags_spritevideo\MathHelper.h" />
    <ClInclude Include="..\ags_spritevideo\VideoObject.h" />
    <ClInclude Include="..\ags_spritevideo\resource.h" />
    <ClInclude Include="..\ags_spritevideo\StringHelper.h" />
    <ClInclude Include="..\ags_spritevideo\ImageHelper.h" />
  </ItemGroup>
</Project>